
Microsoft Visual Studio Solution File, Format Version 12.00
# Visual Studio Version 17
VisualStudioVersion = 17.0.31903.59
MinimumVisualStudioVersion = 10.0.40219.1
Project("{FAE04EC0-301F-11D3-BF4B-00C04F79EFBC}") = "Store.Domain", "Store.Domain\Store.Domain.csproj", "{C9DD39BC-AB95-4C71-82FD-2F905EA7E75A}"
EndProject
Project("{FAE04EC0-301F-11D3-BF4B-00C04F79EFBC}") = "Store.Tests", "Store.Tests\Store.Tests.csproj", "{0E1BCE10-E4E6-43A9-83F4-F132912BBE11}"
EndProject
Global
	GlobalSection(SolutionConfigurationPlatforms) = preSolution
		Debug|Any CPU = Debug|Any CPU
		Release|Any CPU = Release|Any CPU
	EndGlobalSection
	GlobalSection(SolutionProperties) = preSolution
		HideSolutionNode = FALSE
	EndGlobalSection
	GlobalSection(ProjectConfigurationPlatforms) = postSolution
		{C9DD39BC-AB95-4C71-82FD-2F905EA7E75A}.Debug|Any CPU.ActiveCfg = Debug|Any CPU
		{C9DD39BC-AB95-4C71-82FD-2F905EA7E75A}.Debug|Any CPU.Build.0 = Debug|Any CPU
		{C9DD39BC-AB95-4C71-82FD-2F905EA7E75A}.Release|Any CPU.ActiveCfg = Release|Any CPU
		{C9DD39BC-AB95-4C71-82FD-2F905EA7E75A}.Release|Any CPU.Build.0 = Release|Any CPU
		{0E1BCE10-E4E6-43A9-83F4-F132912BBE11}.Debug|Any CPU.ActiveCfg = Debug|Any CPU
		{0E1BCE10-E4E6-43A9-83F4-F132912BBE11}.Debug|Any CPU.Build.0 = Debug|Any CPU
		{0E1BCE10-E4E6-43A9-83F4-F132912BBE11}.Release|Any CPU.ActiveCfg = Release|Any CPU
		{0E1BCE10-E4E6-43A9-83F4-F132912BBE11}.Release|Any CPU.Build.0 = Release|Any CPU
	EndGlobalSection
EndGlobal
